
Microsoft Visual Studio Solution File, Format Version 12.00
# Visual Studio 15
VisualStudioVersion = 15.0.27004.2008
MinimumVisualStudioVersion = 10.0.40219.1
Project("{9A19103F-16F7-4668-BE54-9A1E7A4F7556}") = "Api", "Api\Api.csproj", "{03228444-4651-4D78-8B43-14CDFAA76608}"
EndProject
Project("{9A19103F-16F7-4668-BE54-9A1E7A4F7556}") = "Module", "Module\Module.csproj", "{5B5A5F34-199E-4FA2-8BC4-0C1B23EB5CC4}"
EndProject
Project("{9A19103F-16F7-4668-BE54-9A1E7A4F7556}") = "ModuleFacebook", "ModuleFacebook\ModuleFacebook.csproj", "{CDF156D7-643F-4EBA-A32C-11342DEEA7DE}"
EndProject
Project("{9A19103F-16F7-4668-BE54-9A1E7A4F7556}") = "DAO", "DAO\DAO.csproj", "{E5257B2C-56AB-4211-A224-24CB559B7C81}"
EndProject
Project("{9A19103F-16F7-4668-BE54-9A1E7A4F7556}") = "Properties", "Properties\Properties.csproj", "{4B76AFBE-8EF5-4A4D-8D82-35FF86EF0015}"
EndProject
Project("{9A19103F-16F7-4668-BE54-9A1E7A4F7556}") = "UnitTests", "UnitTests\UnitTests.csproj", "{3AC3A639-6898-48A2-A359-E0BE28CE2B13}"
EndProject
Project("{FAE04EC0-301F-11D3-BF4B-00C04F79EFBC}") = "LinkerModule", "LinkerModule\LinkerModule.csproj", "{C83965AD-8401-4F4B-AC94-B884DDCD56C9}"
EndProject
Project("{FAE04EC0-301F-11D3-BF4B-00C04F79EFBC}") = "ModuleGmail", "ModuleGmail\ModuleGmail.csproj", "{EC5C3825-550F-4D66-A5F0-3D87043AA077}"
EndProject
Project("{FAE04EC0-301F-11D3-BF4B-00C04F79EFBC}") = "Area", "Area\Area.csproj", "{D17D05DA-4D12-48A1-90DF-ECD009122F5A}"
EndProject
Project("{FAE04EC0-301F-11D3-BF4B-00C04F79EFBC}") = "ModuleBattlenet", "ModuleBattlenet\ModuleBattlenet.csproj", "{4CD4BDEA-6CAF-4AA8-91AB-4DB1BF36CFAE}"
EndProject
Project("{FAE04EC0-301F-11D3-BF4B-00C04F79EFBC}") = "ModuleTwitter", "ModuleTwitter\ModuleTwitter.csproj", "{8AF03591-B76D-462E-A91D-6B016A305316}"
EndProject
Project("{FAE04EC0-301F-11D3-BF4B-00C04F79EFBC}") = "ModuleDropbox", "ModuleDropbox\ModuleDropbox.csproj", "{8A3B2D7D-6570-4C24-BFA5-8B9BDA09C6A9}"
EndProject
Project("{FAE04EC0-301F-11D3-BF4B-00C04F79EFBC}") = "ModuleSteam", "ModuleSteam\ModuleSteam.csproj", "{92E1DF68-2F7B-4A6A-9972-BE5D679E286A}"
EndProject
Global
	GlobalSection(SolutionConfigurationPlatforms) = preSolution
		Debug|Any CPU = Debug|Any CPU
		Release|Any CPU = Release|Any CPU
	EndGlobalSection
	GlobalSection(ProjectConfigurationPlatforms) = postSolution
		{03228444-4651-4D78-8B43-14CDFAA76608}.Debug|Any CPU.ActiveCfg = Debug|Any CPU
		{03228444-4651-4D78-8B43-14CDFAA76608}.Debug|Any CPU.Build.0 = Debug|Any CPU
		{03228444-4651-4D78-8B43-14CDFAA76608}.Release|Any CPU.ActiveCfg = Release|Any CPU
		{03228444-4651-4D78-8B43-14CDFAA76608}.Release|Any CPU.Build.0 = Release|Any CPU
		{5B5A5F34-199E-4FA2-8BC4-0C1B23EB5CC4}.Debug|Any CPU.ActiveCfg = Debug|Any CPU
		{5B5A5F34-199E-4FA2-8BC4-0C1B23EB5CC4}.Debug|Any CPU.Build.0 = Debug|Any CPU
		{5B5A5F34-199E-4FA2-8BC4-0C1B23EB5CC4}.Release|Any CPU.ActiveCfg = Release|Any CPU
		{5B5A5F34-199E-4FA2-8BC4-0C1B23EB5CC4}.Release|Any CPU.Build.0 = Release|Any CPU
		{CDF156D7-643F-4EBA-A32C-11342DEEA7DE}.Debug|Any CPU.ActiveCfg = Debug|Any CPU
		{CDF156D7-643F-4EBA-A32C-11342DEEA7DE}.Debug|Any CPU.Build.0 = Debug|Any CPU
		{CDF156D7-643F-4EBA-A32C-11342DEEA7DE}.Release|Any CPU.ActiveCfg = Release|Any CPU
		{CDF156D7-643F-4EBA-A32C-11342DEEA7DE}.Release|Any CPU.Build.0 = Release|Any CPU
		{E5257B2C-56AB-4211-A224-24CB559B7C81}.Debug|Any CPU.ActiveCfg = Debug|Any CPU
		{E5257B2C-56AB-4211-A224-24CB559B7C81}.Debug|Any CPU.Build.0 = Debug|Any CPU
		{E5257B2C-56AB-4211-A224-24CB559B7C81}.Release|Any CPU.ActiveCfg = Release|Any CPU
		{E5257B2C-56AB-4211-A224-24CB559B7C81}.Release|Any CPU.Build.0 = Release|Any CPU
		{4B76AFBE-8EF5-4A4D-8D82-35FF86EF0015}.Debug|Any CPU.ActiveCfg = Debug|Any CPU
		{4B76AFBE-8EF5-4A4D-8D82-35FF86EF0015}.Debug|Any CPU.Build.0 = Debug|Any CPU
		{4B76AFBE-8EF5-4A4D-8D82-35FF86EF0015}.Release|Any CPU.ActiveCfg = Release|Any CPU
		{4B76AFBE-8EF5-4A4D-8D82-35FF86EF0015}.Release|Any CPU.Build.0 = Release|Any CPU
		{3AC3A639-6898-48A2-A359-E0BE28CE2B13}.Debug|Any CPU.ActiveCfg = Debug|Any CPU
		{3AC3A639-6898-48A2-A359-E0BE28CE2B13}.Debug|Any CPU.Build.0 = Debug|Any CPU
		{3AC3A639-6898-48A2-A359-E0BE28CE2B13}.Release|Any CPU.ActiveCfg = Release|Any CPU
		{3AC3A639-6898-48A2-A359-E0BE28CE2B13}.Release|Any CPU.Build.0 = Release|Any CPU
		{C83965AD-8401-4F4B-AC94-B884DDCD56C9}.Debug|Any CPU.ActiveCfg = Debug|Any CPU
		{C83965AD-8401-4F4B-AC94-B884DDCD56C9}.Debug|Any CPU.Build.0 = Debug|Any CPU
		{C83965AD-8401-4F4B-AC94-B884DDCD56C9}.Release|Any CPU.ActiveCfg = Release|Any CPU
		{C83965AD-8401-4F4B-AC94-B884DDCD56C9}.Release|Any CPU.Build.0 = Release|Any CPU
		{5571D5F2-DF2A-44A9-BB10-450ED5259177}.Debug|Any CPU.ActiveCfg = Debug|Any CPU
		{5571D5F2-DF2A-44A9-BB10-450ED5259177}.Debug|Any CPU.Build.0 = Debug|Any CPU
		{5571D5F2-DF2A-44A9-BB10-450ED5259177}.Release|Any CPU.ActiveCfg = Release|Any CPU
		{5571D5F2-DF2A-44A9-BB10-450ED5259177}.Release|Any CPU.Build.0 = Release|Any CPU
		{EC5C3825-550F-4D66-A5F0-3D87043AA077}.Debug|Any CPU.ActiveCfg = Debug|Any CPU
		{EC5C3825-550F-4D66-A5F0-3D87043AA077}.Debug|Any CPU.Build.0 = Debug|Any CPU
		{EC5C3825-550F-4D66-A5F0-3D87043AA077}.Release|Any CPU.ActiveCfg = Release|Any CPU
		{EC5C3825-550F-4D66-A5F0-3D87043AA077}.Release|Any CPU.Build.0 = Release|Any CPU
		{D17D05DA-4D12-48A1-90DF-ECD009122F5A}.Debug|Any CPU.ActiveCfg = Debug|Any CPU
		{D17D05DA-4D12-48A1-90DF-ECD009122F5A}.Debug|Any CPU.Build.0 = Debug|Any CPU
		{D17D05DA-4D12-48A1-90DF-ECD009122F5A}.Release|Any CPU.ActiveCfg = Release|Any CPU
		{D17D05DA-4D12-48A1-90DF-ECD009122F5A}.Release|Any CPU.Build.0 = Release|Any CPU
		{4CD4BDEA-6CAF-4AA8-91AB-4DB1BF36CFAE}.Debug|Any CPU.ActiveCfg = Debug|Any CPU
		{4CD4BDEA-6CAF-4AA8-91AB-4DB1BF36CFAE}.Debug|Any CPU.Build.0 = Debug|Any CPU
		{4CD4BDEA-6CAF-4AA8-91AB-4DB1BF36CFAE}.Release|Any CPU.ActiveCfg = Release|Any CPU
		{4CD4BDEA-6CAF-4AA8-91AB-4DB1BF36CFAE}.Release|Any CPU.Build.0 = Release|Any CPU
		{8AF03591-B76D-462E-A91D-6B016A305316}.Debug|Any CPU.ActiveCfg = Debug|Any CPU
		{8AF03591-B76D-462E-A91D-6B016A305316}.Debug|Any CPU.Build.0 = Debug|Any CPU
		{8AF03591-B76D-462E-A91D-6B016A305316}.Release|Any CPU.ActiveCfg = Release|Any CPU
		{8AF03591-B76D-462E-A91D-6B016A305316}.Release|Any CPU.Build.0 = Release|Any CPU
		{8A3B2D7D-6570-4C24-BFA5-8B9BDA09C6A9}.Debug|Any CPU.ActiveCfg = Debug|Any CPU
		{8A3B2D7D-6570-4C24-BFA5-8B9BDA09C6A9}.Debug|Any CPU.Build.0 = Debug|Any CPU
		{8A3B2D7D-6570-4C24-BFA5-8B9BDA09C6A9}.Release|Any CPU.ActiveCfg = Release|Any CPU
		{8A3B2D7D-6570-4C24-BFA5-8B9BDA09C6A9}.Release|Any CPU.Build.0 = Release|Any CPU
		{92E1DF68-2F7B-4A6A-9972-BE5D679E286A}.Debug|Any CPU.ActiveCfg = Debug|Any CPU
		{92E1DF68-2F7B-4A6A-9972-BE5D679E286A}.Debug|Any CPU.Build.0 = Debug|Any CPU
		{92E1DF68-2F7B-4A6A-9972-BE5D679E286A}.Release|Any CPU.ActiveCfg = Release|Any CPU
		{92E1DF68-2F7B-4A6A-9972-BE5D679E286A}.Release|Any CPU.Build.0 = Release|Any CPU
	EndGlobalSection
	GlobalSection(SolutionProperties) = preSolution
		HideSolutionNode = FALSE
	EndGlobalSection
	GlobalSection(ExtensibilityGlobals) = postSolution
		SolutionGuid = {FC46F1BC-8B35-4BBF-AE50-C19A79760A3C}
	EndGlobalSection
	GlobalSection(ExtensibilityGlobals) = postSolution
		SolutionGuid = {F530CC0E-46B4-4B69-972C-E148E3448FED}
	EndGlobalSection
	GlobalSection(ExtensibilityGlobals) = postSolution
		SolutionGuid = {B5CE4141-1740-47E4-ADD6-C0B09902BD0E}
	EndGlobalSection
	GlobalSection(ExtensibilityGlobals) = postSolution
		SolutionGuid = {CC4E2D48-BEE7-4E66-83D4-C09599475B6A}
	EndGlobalSection
EndGlobal
