
Microsoft Visual Studio Solution File, Format Version 12.00
# Visual Studio 15
VisualStudioVersion = 15.0.27004.2008
MinimumVisualStudioVersion = 10.0.40219.1
Project("{9A19103F-16F7-4668-BE54-9A1E7A4F7556}") = "Api", "Api\Api.csproj", "{03228444-4651-4D78-8B43-14CDFAA76608}"
EndProject
Project("{9A19103F-16F7-4668-BE54-9A1E7A4F7556}") = "Module", "Module\Module.csproj", "{5B5A5F34-199E-4FA2-8BC4-0C1B23EB5CC4}"
EndProject
Project("{9A19103F-16F7-4668-BE54-9A1E7A4F7556}") = "ModuleFacebook", "ModuleFacebook\ModuleFacebook.csproj", "{CDF156D7-643F-4EBA-A32C-11342DEEA7DE}"
EndProject
Project("{FAE04EC0-301F-11D3-BF4B-00C04F79EFBC}") = "DAO", "DAO\DAO.csproj", "{E5257B2C-56AB-4211-A224-24CB559B7C81}"
EndProject
Project("{FAE04EC0-301F-11D3-BF4B-00C04F79EFBC}") = "Properties", "Properties\Properties.csproj", "{4B76AFBE-8EF5-4A4D-8D82-35FF86EF0015}"
EndProject
Project("{FAE04EC0-301F-11D3-BF4B-00C04F79EFBC}") = "UnitTests", "UnitTests\UnitTests.csproj", "{3AC3A639-6898-48A2-A359-E0BE28CE2B13}"
EndProject
Project("{FAE04EC0-301F-11D3-BF4B-00C04F79EFBC}") = "LinkerModule", "LinkerModule\LinkerModule.csproj", "{C83965AD-8401-4F4B-AC94-B884DDCD56C9}"
EndProject
Project("{FAE04EC0-301F-11D3-BF4B-00C04F79EFBC}") = "ModuleTwitter", "ModuleTwitter\ModuleTwitter.csproj", "{5571D5F2-DF2A-44A9-BB10-450ED5259177}"
EndProject
Project("{FAE04EC0-301F-11D3-BF4B-00C04F79EFBC}") = "ModuleGmail", "ModuleGmail\ModuleGmail.csproj", "{EC5C3825-550F-4D66-A5F0-3D87043AA077}"
EndProject
Global
	GlobalSection(SolutionConfigurationPlatforms) = preSolution
		Debug|Any CPU = Debug|Any CPU
		Release|Any CPU = Release|Any CPU
	EndGlobalSection
	GlobalSection(ProjectConfigurationPlatforms) = postSolution
		{03228444-4651-4D78-8B43-14CDFAA76608}.Debug|Any CPU.ActiveCfg = Debug|Any CPU
		{03228444-4651-4D78-8B43-14CDFAA76608}.Debug|Any CPU.Build.0 = Debug|Any CPU
		{03228444-4651-4D78-8B43-14CDFAA76608}.Release|Any CPU.ActiveCfg = Release|Any CPU
		{03228444-4651-4D78-8B43-14CDFAA76608}.Release|Any CPU.Build.0 = Release|Any CPU
		{5B5A5F34-199E-4FA2-8BC4-0C1B23EB5CC4}.Debug|Any CPU.ActiveCfg = Debug|Any CPU
		{5B5A5F34-199E-4FA2-8BC4-0C1B23EB5CC4}.Debug|Any CPU.Build.0 = Debug|Any CPU
		{5B5A5F34-199E-4FA2-8BC4-0C1B23EB5CC4}.Release|Any CPU.ActiveCfg = Release|Any CPU
		{5B5A5F34-199E-4FA2-8BC4-0C1B23EB5CC4}.Release|Any CPU.Build.0 = Release|Any CPU
		{CDF156D7-643F-4EBA-A32C-11342DEEA7DE}.Debug|Any CPU.ActiveCfg = Debug|Any CPU
		{CDF156D7-643F-4EBA-A32C-11342DEEA7DE}.Debug|Any CPU.Build.0 = Debug|Any CPU
		{CDF156D7-643F-4EBA-A32C-11342DEEA7DE}.Release|Any CPU.ActiveCfg = Release|Any CPU
		{CDF156D7-643F-4EBA-A32C-11342DEEA7DE}.Release|Any CPU.Build.0 = Release|Any CPU
		{E5257B2C-56AB-4211-A224-24CB559B7C81}.Debug|Any CPU.ActiveCfg = Debug|Any CPU
		{E5257B2C-56AB-4211-A224-24CB559B7C81}.Debug|Any CPU.Build.0 = Debug|Any CPU
		{E5257B2C-56AB-4211-A224-24CB559B7C81}.Release|Any CPU.ActiveCfg = Release|Any CPU
		{E5257B2C-56AB-4211-A224-24CB559B7C81}.Release|Any CPU.Build.0 = Release|Any CPU
		{4B76AFBE-8EF5-4A4D-8D82-35FF86EF0015}.Debug|Any CPU.ActiveCfg = Debug|Any CPU
		{4B76AFBE-8EF5-4A4D-8D82-35FF86EF0015}.Debug|Any CPU.Build.0 = Debug|Any CPU
		{4B76AFBE-8EF5-4A4D-8D82-35FF86EF0015}.Release|Any CPU.ActiveCfg = Release|Any CPU
		{4B76AFBE-8EF5-4A4D-8D82-35FF86EF0015}.Release|Any CPU.Build.0 = Release|Any CPU
		{3AC3A639-6898-48A2-A359-E0BE28CE2B13}.Debug|Any CPU.ActiveCfg = Debug|Any CPU
		{3AC3A639-6898-48A2-A359-E0BE28CE2B13}.Debug|Any CPU.Build.0 = Debug|Any CPU
		{3AC3A639-6898-48A2-A359-E0BE28CE2B13}.Release|Any CPU.ActiveCfg = Release|Any CPU
		{3AC3A639-6898-48A2-A359-E0BE28CE2B13}.Release|Any CPU.Build.0 = Release|Any CPU
		{C83965AD-8401-4F4B-AC94-B884DDCD56C9}.Debug|Any CPU.ActiveCfg = Debug|Any CPU
		{C83965AD-8401-4F4B-AC94-B884DDCD56C9}.Debug|Any CPU.Build.0 = Debug|Any CPU
		{C83965AD-8401-4F4B-AC94-B884DDCD56C9}.Release|Any CPU.ActiveCfg = Release|Any CPU
		{C83965AD-8401-4F4B-AC94-B884DDCD56C9}.Release|Any CPU.Build.0 = Release|Any CPU
		{5571D5F2-DF2A-44A9-BB10-450ED5259177}.Debug|Any CPU.ActiveCfg = Debug|Any CPU
		{5571D5F2-DF2A-44A9-BB10-450ED5259177}.Debug|Any CPU.Build.0 = Debug|Any CPU
		{5571D5F2-DF2A-44A9-BB10-450ED5259177}.Release|Any CPU.ActiveCfg = Release|Any CPU
		{5571D5F2-DF2A-44A9-BB10-450ED5259177}.Release|Any CPU.Build.0 = Release|Any CPU
		{EC5C3825-550F-4D66-A5F0-3D87043AA077}.Debug|Any CPU.ActiveCfg = Debug|Any CPU
		{EC5C3825-550F-4D66-A5F0-3D87043AA077}.Debug|Any CPU.Build.0 = Debug|Any CPU
		{EC5C3825-550F-4D66-A5F0-3D87043AA077}.Release|Any CPU.ActiveCfg = Release|Any CPU
		{EC5C3825-550F-4D66-A5F0-3D87043AA077}.Release|Any CPU.Build.0 = Release|Any CPU
	EndGlobalSection
	GlobalSection(SolutionProperties) = preSolution
		HideSolutionNode = FALSE
	EndGlobalSection
	GlobalSection(ExtensibilityGlobals) = postSolution
		SolutionGuid = {F530CC0E-46B4-4B69-972C-E148E3448FED}
	EndGlobalSection
	GlobalSection(ExtensibilityGlobals) = postSolution
		SolutionGuid = {B5CE4141-1740-47E4-ADD6-C0B09902BD0E}
	EndGlobalSection
EndGlobal
